{
    _meta {
        hash {
            sha256 fed1293db1dad173865419f29f284b5f0185dcfbe26f951c787764ed3ba3283d
        },
        host-environment-markers {
            implementation_name cpython,
            implementation_version 3.6.4,
            os_name posix,
            platform_machine x86_64,
            platform_python_implementation CPython,
            platform_release 17.3.0,
            platform_system Darwin,
            platform_version Darwin Kernel Version 17.3.0 Thu Nov  9 180922 PST 2017; rootxnu-4570.31.3~1RELEASE_X86_64,
            python_full_version 3.6.4,
            python_version 3.6,
            sys_platform darwin
        },
        pipfile-spec 6,
        requires {},
        sources [
            {
                name pypi,
                url httpspypi.python.orgsimple,
                verify_ssl true
            }
        ]
    },
    default {
        dj-database-url {
            hashes [
                sha256e16d94c382ea0564c48038fa7fe8d9c890ef1ab1a8ec4cb48e732c124b9482fd,
                sha256a6832d8445ee9d788c5baa48aef8130bf61fdc442f7d9a548424d25cd85c9f08
            ],
            version ==0.4.2
        },
        django {
            hashes [
                sha25652475f607c92035d4ac8fee284f56213065a4a6b25ed43f7e39df0e576e69e9f,
                sha256d96b804be412a5125a594023ec524a2010a6ffa4d408e5482ab6ff3cb97ec12f
            ],
            version ==2.0.1
        }
    },
    develop {}
}
